// !$*UTF8*$!
{
	archiveVersion = 1;
	classes = {
	};
	objectVersion = 60;
	objects = {

/* Begin PBXBuildFile section */
		184F6E002D1352B900789DD9 /* FirebaseCore in Frameworks */ = {isa = PBXBuildFile; productRef = 184F6DFF2D1352B900789DD9 /* FirebaseCore */; };
		184F6E022D1352B900789DD9 /* FirebaseStorage in Frameworks */ = {isa = PBXBuildFile; productRef = 184F6E012D1352B900789DD9 /* FirebaseStorage */; };
		184F6E042D1352B900789DD9 /* FirebaseStorageCombine-Community in Frameworks */ = {isa = PBXBuildFile; productRef = 184F6E032D1352B900789DD9 /* FirebaseStorageCombine-Community */; };
		184F6E072D13604C00789DD9 /* FirebaseConnector.swift in Sources */ = {isa = PBXBuildFile; fileRef = 184F6E062D13604C00789DD9 /* FirebaseConnector.swift */; };
		184F6E092D13629A00789DD9 /* FirebaseLivePhotoManager.swift in Sources */ = {isa = PBXBuildFile; fileRef = 184F6E082D13629A00789DD9 /* FirebaseLivePhotoManager.swift */; };
		184F6E0B2D136D1600789DD9 /* FirebaseSDK.swift in Sources */ = {isa = PBXBuildFile; fileRef = 184F6E0A2D136D1600789DD9 /* FirebaseSDK.swift */; };
		184F6E162D15F7F200789DD9 /* live_photo_example1.MOV in Resources */ = {isa = PBXBuildFile; fileRef = 184F6E0E2D15F7F200789DD9 /* live_photo_example1.MOV */; };
		184F6E172D15F7F200789DD9 /* live_photo_example1.HEIC in Resources */ = {isa = PBXBuildFile; fileRef = 184F6E0F2D15F7F200789DD9 /* live_photo_example1.HEIC */; };
		184F6E182D15F7F200789DD9 /* live_photo_example2.MOV in Resources */ = {isa = PBXBuildFile; fileRef = 184F6E102D15F7F200789DD9 /* live_photo_example2.MOV */; };
		184F6E192D15F7F200789DD9 /* live_photo_example4.HEIC in Resources */ = {isa = PBXBuildFile; fileRef = 184F6E112D15F7F200789DD9 /* live_photo_example4.HEIC */; };
		184F6E1A2D15F7F200789DD9 /* live_photo_example4.MOV in Resources */ = {isa = PBXBuildFile; fileRef = 184F6E122D15F7F200789DD9 /* live_photo_example4.MOV */; };
		184F6E1B2D15F7F200789DD9 /* live_photo_example3.HEIC in Resources */ = {isa = PBXBuildFile; fileRef = 184F6E132D15F7F200789DD9 /* live_photo_example3.HEIC */; };
		184F6E1C2D15F7F200789DD9 /* live_photo_example3.MOV in Resources */ = {isa = PBXBuildFile; fileRef = 184F6E142D15F7F200789DD9 /* live_photo_example3.MOV */; };
		184F6E1D2D15F7F200789DD9 /* live_photo_exampl2.HEIC in Resources */ = {isa = PBXBuildFile; fileRef = 184F6E152D15F7F200789DD9 /* live_photo_exampl2.HEIC */; };
		1854B26D2D1DEC9600A88D83 /* GoogleService-Info.plist in Resources */ = {isa = PBXBuildFile; fileRef = 1854B26C2D1DEC9600A88D83 /* GoogleService-Info.plist */; };
		1854B2722D1DFA4300A88D83 /* live_view in Frameworks */ = {isa = PBXBuildFile; productRef = 1854B2712D1DFA4300A88D83 /* live_view */; };
		18EBC91D2D0CC84600AED37C /* LiveViewDemoApp.swift in Sources */ = {isa = PBXBuildFile; fileRef = 18EBC91C2D0CC84600AED37C /* LiveViewDemoApp.swift */; };
		18EBC91F2D0CC84600AED37C /* ContentView.swift in Sources */ = {isa = PBXBuildFile; fileRef = 18EBC91E2D0CC84600AED37C /* ContentView.swift */; };
		18EBC9212D0CC84800AED37C /* Assets.xcassets in Resources */ = {isa = PBXBuildFile; fileRef = 18EBC9202D0CC84800AED37C /* Assets.xcassets */; };
		18EBC9242D0CC84800AED37C /* Preview Assets.xcassets in Resources */ = {isa = PBXBuildFile; fileRef = 18EBC9232D0CC84800AED37C /* Preview Assets.xcassets */; };
		18EBC9262D0CC84800AED37C /* Persistence.swift in Sources */ = {isa = PBXBuildFile; fileRef = 18EBC9252D0CC84800AED37C /* Persistence.swift */; };
		18EBC9292D0CC84800AED37C /* LiveViewDemo.xcdatamodeld in Sources */ = {isa = PBXBuildFile; fileRef = 18EBC9272D0CC84800AED37C /* LiveViewDemo.xcdatamodeld */; };
		18EBC9332D0CC84800AED37C /* LiveViewDemoTests.swift in Sources */ = {isa = PBXBuildFile; fileRef = 18EBC9322D0CC84800AED37C /* LiveViewDemoTests.swift */; };
		18EBC93D2D0CC84900AED37C /* LiveViewDemoUITests.swift in Sources */ = {isa = PBXBuildFile; fileRef = 18EBC93C2D0CC84900AED37C /* LiveViewDemoUITests.swift */; };
		18EBC93F2D0CC84900AED37C /* LiveViewDemoUITestsLaunchTests.swift in Sources */ = {isa = PBXBuildFile; fileRef = 18EBC93E2D0CC84900AED37C /* LiveViewDemoUITestsLaunchTests.swift */; };
		18EBC99C2D0E3FF300AED37C /* AppManager.swift in Sources */ = {isa = PBXBuildFile; fileRef = 18EBC99B2D0E3FF300AED37C /* AppManager.swift */; };
/* End PBXBuildFile section */

/* Begin PBXContainerItemProxy section */
		18EBC92F2D0CC84800AED37C /* PBXContainerItemProxy */ = {
			isa = PBXContainerItemProxy;
			containerPortal = 18EBC9112D0CC84600AED37C /* Project object */;
			proxyType = 1;
			remoteGlobalIDString = 18EBC9182D0CC84600AED37C;
			remoteInfo = LiveViewDemo;
		};
		18EBC9392D0CC84900AED37C /* PBXContainerItemProxy */ = {
			isa = PBXContainerItemProxy;
			containerPortal = 18EBC9112D0CC84600AED37C /* Project object */;
			proxyType = 1;
			remoteGlobalIDString = 18EBC9182D0CC84600AED37C;
			remoteInfo = LiveViewDemo;
		};
/* End PBXContainerItemProxy section */

/* Begin PBXFileReference section */
		184F6E062D13604C00789DD9 /* FirebaseConnector.swift */ = {isa = PBXFileReference; lastKnownFileType = sourcecode.swift; path = FirebaseConnector.swift; sourceTree = "<group>"; };
		184F6E082D13629A00789DD9 /* FirebaseLivePhotoManager.swift */ = {isa = PBXFileReference; lastKnownFileType = sourcecode.swift; path = FirebaseLivePhotoManager.swift; sourceTree = "<group>"; };
		184F6E0A2D136D1600789DD9 /* FirebaseSDK.swift */ = {isa = PBXFileReference; lastKnownFileType = sourcecode.swift; path = FirebaseSDK.swift; sourceTree = "<group>"; };
		184F6E0E2D15F7F200789DD9 /* live_photo_example1.MOV */ = {isa = PBXFileReference; lastKnownFileType = video.quicktime; path = live_photo_example1.MOV; sourceTree = "<group>"; };
		184F6E0F2D15F7F200789DD9 /* live_photo_example1.HEIC */ = {isa = PBXFileReference; lastKnownFileType = file; path = live_photo_example1.HEIC; sourceTree = "<group>"; };
		184F6E102D15F7F200789DD9 /* live_photo_example2.MOV */ = {isa = PBXFileReference; lastKnownFileType = video.quicktime; path = live_photo_example2.MOV; sourceTree = "<group>"; };
		184F6E112D15F7F200789DD9 /* live_photo_example4.HEIC */ = {isa = PBXFileReference; lastKnownFileType = file; path = live_photo_example4.HEIC; sourceTree = "<group>"; };
		184F6E122D15F7F200789DD9 /* live_photo_example4.MOV */ = {isa = PBXFileReference; lastKnownFileType = video.quicktime; path = live_photo_example4.MOV; sourceTree = "<group>"; };
		184F6E132D15F7F200789DD9 /* live_photo_example3.HEIC */ = {isa = PBXFileReference; lastKnownFileType = file; path = live_photo_example3.HEIC; sourceTree = "<group>"; };
		184F6E142D15F7F200789DD9 /* live_photo_example3.MOV */ = {isa = PBXFileReference; lastKnownFileType = video.quicktime; path = live_photo_example3.MOV; sourceTree = "<group>"; };
		184F6E152D15F7F200789DD9 /* live_photo_exampl2.HEIC */ = {isa = PBXFileReference; lastKnownFileType = file; path = live_photo_exampl2.HEIC; sourceTree = "<group>"; };
		1854B26C2D1DEC9600A88D83 /* GoogleService-Info.plist */ = {isa = PBXFileReference; fileEncoding = 4; lastKnownFileType = text.plist.xml; path = "GoogleService-Info.plist"; sourceTree = "<group>"; };
		18EBC9192D0CC84600AED37C /* LiveViewDemo.app */ = {isa = PBXFileReference; explicitFileType = wrapper.application; includeInIndex = 0; path = LiveViewDemo.app; sourceTree = BUILT_PRODUCTS_DIR; };
		18EBC91C2D0CC84600AED37C /* LiveViewDemoApp.swift */ = {isa = PBXFileReference; lastKnownFileType = sourcecode.swift; path = LiveViewDemoApp.swift; sourceTree = "<group>"; };
		18EBC91E2D0CC84600AED37C /* ContentView.swift */ = {isa = PBXFileReference; lastKnownFileType = sourcecode.swift; path = ContentView.swift; sourceTree = "<group>"; };
		18EBC9202D0CC84800AED37C /* Assets.xcassets */ = {isa = PBXFileReference; lastKnownFileType = folder.assetcatalog; path = Assets.xcassets; sourceTree = "<group>"; };
		18EBC9232D0CC84800AED37C /* Preview Assets.xcassets */ = {isa = PBXFileReference; lastKnownFileType = folder.assetcatalog; path = "Preview Assets.xcassets"; sourceTree = "<group>"; };
		18EBC9252D0CC84800AED37C /* Persistence.swift */ = {isa = PBXFileReference; lastKnownFileType = sourcecode.swift; path = Persistence.swift; sourceTree = "<group>"; };
		18EBC9282D0CC84800AED37C /* LiveViewDemo.xcdatamodel */ = {isa = PBXFileReference; lastKnownFileType = wrapper.xcdatamodel; path = LiveViewDemo.xcdatamodel; sourceTree = "<group>"; };
		18EBC92E2D0CC84800AED37C /* LiveViewDemoTests.xctest */ = {isa = PBXFileReference; explicitFileType = wrapper.cfbundle; includeInIndex = 0; path = LiveViewDemoTests.xctest; sourceTree = BUILT_PRODUCTS_DIR; };
		18EBC9322D0CC84800AED37C /* LiveViewDemoTests.swift */ = {isa = PBXFileReference; lastKnownFileType = sourcecode.swift; path = LiveViewDemoTests.swift; sourceTree = "<group>"; };
		18EBC9382D0CC84900AED37C /* LiveViewDemoUITests.xctest */ = {isa = PBXFileReference; explicitFileType = wrapper.cfbundle; includeInIndex = 0; path = LiveViewDemoUITests.xctest; sourceTree = BUILT_PRODUCTS_DIR; };
		18EBC93C2D0CC84900AED37C /* LiveViewDemoUITests.swift */ = {isa = PBXFileReference; lastKnownFileType = sourcecode.swift; path = LiveViewDemoUITests.swift; sourceTree = "<group>"; };
		18EBC93E2D0CC84900AED37C /* LiveViewDemoUITestsLaunchTests.swift */ = {isa = PBXFileReference; lastKnownFileType = sourcecode.swift; path = LiveViewDemoUITestsLaunchTests.swift; sourceTree = "<group>"; };
		18EBC99B2D0E3FF300AED37C /* AppManager.swift */ = {isa = PBXFileReference; lastKnownFileType = sourcecode.swift; path = AppManager.swift; sourceTree = "<group>"; };
/* End PBXFileReference section */

/* Begin PBXFrameworksBuildPhase section */
		18EBC9162D0CC84600AED37C /* Frameworks */ = {
			isa = PBXFrameworksBuildPhase;
			buildActionMask = 2147483647;
			files = (
				184F6E002D1352B900789DD9 /* FirebaseCore in Frameworks */,
				184F6E042D1352B900789DD9 /* FirebaseStorageCombine-Community in Frameworks */,
				184F6E022D1352B900789DD9 /* FirebaseStorage in Frameworks */,
				1854B2722D1DFA4300A88D83 /* live_view in Frameworks */,
			);
			runOnlyForDeploymentPostprocessing = 0;
		};
		18EBC92B2D0CC84800AED37C /* Frameworks */ = {
			isa = PBXFrameworksBuildPhase;
			buildActionMask = 2147483647;
			files = (
			);
			runOnlyForDeploymentPostprocessing = 0;
		};
		18EBC9352D0CC84900AED37C /* Frameworks */ = {
			isa = PBXFrameworksBuildPhase;
			buildActionMask = 2147483647;
			files = (
			);
			runOnlyForDeploymentPostprocessing = 0;
		};
/* End PBXFrameworksBuildPhase section */

/* Begin PBXGroup section */
		184F6E052D13604500789DD9 /* Firebase */ = {
			isa = PBXGroup;
			children = (
				184F6E062D13604C00789DD9 /* FirebaseConnector.swift */,
				184F6E082D13629A00789DD9 /* FirebaseLivePhotoManager.swift */,
				184F6E0A2D136D1600789DD9 /* FirebaseSDK.swift */,
			);
			path = Firebase;
			sourceTree = "<group>";
		};
		18EBC9102D0CC84600AED37C = {
			isa = PBXGroup;
			children = (
				18EBC91B2D0CC84600AED37C /* LiveViewDemo */,
				18EBC9312D0CC84800AED37C /* LiveViewDemoTests */,
				18EBC93B2D0CC84900AED37C /* LiveViewDemoUITests */,
				18EBC91A2D0CC84600AED37C /* Products */,
			);
			sourceTree = "<group>";
		};
		18EBC91A2D0CC84600AED37C /* Products */ = {
			isa = PBXGroup;
			children = (
				18EBC9192D0CC84600AED37C /* LiveViewDemo.app */,
				18EBC92E2D0CC84800AED37C /* LiveViewDemoTests.xctest */,
				18EBC9382D0CC84900AED37C /* LiveViewDemoUITests.xctest */,
			);
			name = Products;
			sourceTree = "<group>";
		};
		18EBC91B2D0CC84600AED37C /* LiveViewDemo */ = {
			isa = PBXGroup;
			children = (
				18EBC91C2D0CC84600AED37C /* LiveViewDemoApp.swift */,
				1854B26C2D1DEC9600A88D83 /* GoogleService-Info.plist */,
				18EBC99B2D0E3FF300AED37C /* AppManager.swift */,
				184F6E052D13604500789DD9 /* Firebase */,
				18EBC96A2D0CD6E400AED37C /* Resources */,
				18EBC91E2D0CC84600AED37C /* ContentView.swift */,
				18EBC9202D0CC84800AED37C /* Assets.xcassets */,
				18EBC9252D0CC84800AED37C /* Persistence.swift */,
				18EBC9272D0CC84800AED37C /* LiveViewDemo.xcdatamodeld */,
				18EBC9222D0CC84800AED37C /* Preview Content */,
			);
			path = LiveViewDemo;
			sourceTree = "<group>";
		};
		18EBC9222D0CC84800AED37C /* Preview Content */ = {
			isa = PBXGroup;
			children = (
				18EBC9232D0CC84800AED37C /* Preview Assets.xcassets */,
			);
			path = "Preview Content";
			sourceTree = "<group>";
		};
		18EBC9312D0CC84800AED37C /* LiveViewDemoTests */ = {
			isa = PBXGroup;
			children = (
				18EBC9322D0CC84800AED37C /* LiveViewDemoTests.swift */,
			);
			path = LiveViewDemoTests;
			sourceTree = "<group>";
		};
		18EBC93B2D0CC84900AED37C /* LiveViewDemoUITests */ = {
			isa = PBXGroup;
			children = (
				18EBC93C2D0CC84900AED37C /* LiveViewDemoUITests.swift */,
				18EBC93E2D0CC84900AED37C /* LiveViewDemoUITestsLaunchTests.swift */,
			);
			path = LiveViewDemoUITests;
			sourceTree = "<group>";
		};
		18EBC96A2D0CD6E400AED37C /* Resources */ = {
			isa = PBXGroup;
			children = (
				184F6E152D15F7F200789DD9 /* live_photo_exampl2.HEIC */,
				184F6E0F2D15F7F200789DD9 /* live_photo_example1.HEIC */,
				184F6E0E2D15F7F200789DD9 /* live_photo_example1.MOV */,
				184F6E102D15F7F200789DD9 /* live_photo_example2.MOV */,
				184F6E132D15F7F200789DD9 /* live_photo_example3.HEIC */,
				184F6E142D15F7F200789DD9 /* live_photo_example3.MOV */,
				184F6E112D15F7F200789DD9 /* live_photo_example4.HEIC */,
				184F6E122D15F7F200789DD9 /* live_photo_example4.MOV */,
			);
			path = Resources;
			sourceTree = "<group>";
		};
/* End PBXGroup section */

/* Begin PBXNativeTarget section */
		18EBC9182D0CC84600AED37C /* LiveViewDemo */ = {
			isa = PBXNativeTarget;
			buildConfigurationList = 18EBC9422D0CC84900AED37C /* Build configuration list for PBXNativeTarget "LiveViewDemo" */;
			buildPhases = (
				18EBC9152D0CC84600AED37C /* Sources */,
				18EBC9162D0CC84600AED37C /* Frameworks */,
				18EBC9172D0CC84600AED37C /* Resources */,
			);
			buildRules = (
			);
			dependencies = (
			);
			name = LiveViewDemo;
			packageProductDependencies = (
				184F6DFF2D1352B900789DD9 /* FirebaseCore */,
				184F6E012D1352B900789DD9 /* FirebaseStorage */,
				184F6E032D1352B900789DD9 /* FirebaseStorageCombine-Community */,
				1854B2712D1DFA4300A88D83 /* live_view */,
			);
			productName = LiveViewDemo;
			productReference = 18EBC9192D0CC84600AED37C /* LiveViewDemo.app */;
			productType = "com.apple.product-type.application";
		};
		18EBC92D2D0CC84800AED37C /* LiveViewDemoTests */ = {
			isa = PBXNativeTarget;
			buildConfigurationList = 18EBC9452D0CC84900AED37C /* Build configuration list for PBXNativeTarget "LiveViewDemoTests" */;
			buildPhases = (
				18EBC92A2D0CC84800AED37C /* Sources */,
				18EBC92B2D0CC84800AED37C /* Frameworks */,
				18EBC92C2D0CC84800AED37C /* Resources */,
			);
			buildRules = (
			);
			dependencies = (
				18EBC9302D0CC84800AED37C /* PBXTargetDependency */,
			);
			name = LiveViewDemoTests;
			productName = LiveViewDemoTests;
			productReference = 18EBC92E2D0CC84800AED37C /* LiveViewDemoTests.xctest */;
			productType = "com.apple.product-type.bundle.unit-test";
		};
		18EBC9372D0CC84900AED37C /* LiveViewDemoUITests */ = {
			isa = PBXNativeTarget;
			buildConfigurationList = 18EBC9482D0CC84900AED37C /* Build configuration list for PBXNativeTarget "LiveViewDemoUITests" */;
			buildPhases = (
				18EBC9342D0CC84900AED37C /* Sources */,
				18EBC9352D0CC84900AED37C /* Frameworks */,
				18EBC9362D0CC84900AED37C /* Resources */,
			);
			buildRules = (
			);
			dependencies = (
				18EBC93A2D0CC84900AED37C /* PBXTargetDependency */,
			);
			name = LiveViewDemoUITests;
			productName = LiveViewDemoUITests;
			productReference = 18EBC9382D0CC84900AED37C /* LiveViewDemoUITests.xctest */;
			productType = "com.apple.product-type.bundle.ui-testing";
		};
/* End PBXNativeTarget section */

/* Begin PBXProject section */
		18EBC9112D0CC84600AED37C /* Project object */ = {
			isa = PBXProject;
			attributes = {
				BuildIndependentTargetsInParallel = 1;
				LastSwiftUpdateCheck = 1540;
				LastUpgradeCheck = 1540;
				TargetAttributes = {
					18EBC9182D0CC84600AED37C = {
						CreatedOnToolsVersion = 15.4;
					};
					18EBC92D2D0CC84800AED37C = {
						CreatedOnToolsVersion = 15.4;
						TestTargetID = 18EBC9182D0CC84600AED37C;
					};
					18EBC9372D0CC84900AED37C = {
						CreatedOnToolsVersion = 15.4;
						TestTargetID = 18EBC9182D0CC84600AED37C;
					};
				};
			};
			buildConfigurationList = 18EBC9142D0CC84600AED37C /* Build configuration list for PBXProject "LiveViewDemo" */;
			compatibilityVersion = "Xcode 14.0";
			developmentRegion = en;
			hasScannedForEncodings = 0;
			knownRegions = (
				en,
				Base,
			);
			mainGroup = 18EBC9102D0CC84600AED37C;
			packageReferences = (
				184F6DFE2D1352B900789DD9 /* XCRemoteSwiftPackageReference "firebase-ios-sdk" */,
				1854B2702D1DFA4300A88D83 /* XCLocalSwiftPackageReference "../../live_view" */,
			);
			productRefGroup = 18EBC91A2D0CC84600AED37C /* Products */;
			projectDirPath = "";
			projectRoot = "";
			targets = (
				18EBC9182D0CC84600AED37C /* LiveViewDemo */,
				18EBC92D2D0CC84800AED37C /* LiveViewDemoTests */,
				18EBC9372D0CC84900AED37C /* LiveViewDemoUITests */,
			);
		};
/* End PBXProject section */

/* Begin PBXResourcesBuildPhase section */
		18EBC9172D0CC84600AED37C /* Resources */ = {
			isa = PBXResourcesBuildPhase;
			buildActionMask = 2147483647;
			files = (
				184F6E172D15F7F200789DD9 /* live_photo_example1.HEIC in Resources */,
				184F6E192D15F7F200789DD9 /* live_photo_example4.HEIC in Resources */,
				184F6E1C2D15F7F200789DD9 /* live_photo_example3.MOV in Resources */,
				18EBC9242D0CC84800AED37C /* Preview Assets.xcassets in Resources */,
				184F6E182D15F7F200789DD9 /* live_photo_example2.MOV in Resources */,
				18EBC9212D0CC84800AED37C /* Assets.xcassets in Resources */,
				184F6E162D15F7F200789DD9 /* live_photo_example1.MOV in Resources */,
				184F6E1B2D15F7F200789DD9 /* live_photo_example3.HEIC in Resources */,
				1854B26D2D1DEC9600A88D83 /* GoogleService-Info.plist in Resources */,
				184F6E1A2D15F7F200789DD9 /* live_photo_example4.MOV in Resources */,
				184F6E1D2D15F7F200789DD9 /* live_photo_exampl2.HEIC in Resources */,
			);
			runOnlyForDeploymentPostprocessing = 0;
		};
		18EBC92C2D0CC84800AED37C /* Resources */ = {
			isa = PBXResourcesBuildPhase;
			buildActionMask = 2147483647;
			files = (
			);
			runOnlyForDeploymentPostprocessing = 0;
		};
		18EBC9362D0CC84900AED37C /* Resources */ = {
			isa = PBXResourcesBuildPhase;
			buildActionMask = 2147483647;
			files = (
			);
			runOnlyForDeploymentPostprocessing = 0;
		};
/* End PBXResourcesBuildPhase section */

/* Begin PBXSourcesBuildPhase section */
		18EBC9152D0CC84600AED37C /* Sources */ = {
			isa = PBXSourcesBuildPhase;
			buildActionMask = 2147483647;
			files = (
				184F6E092D13629A00789DD9 /* FirebaseLivePhotoManager.swift in Sources */,
				18EBC9262D0CC84800AED37C /* Persistence.swift in Sources */,
				184F6E072D13604C00789DD9 /* FirebaseConnector.swift in Sources */,
				18EBC99C2D0E3FF300AED37C /* AppManager.swift in Sources */,
				18EBC9292D0CC84800AED37C /* LiveViewDemo.xcdatamodeld in Sources */,
				18EBC91F2D0CC84600AED37C /* ContentView.swift in Sources */,
				18EBC91D2D0CC84600AED37C /* LiveViewDemoApp.swift in Sources */,
				184F6E0B2D136D1600789DD9 /* FirebaseSDK.swift in Sources */,
			);
			runOnlyForDeploymentPostprocessing = 0;
		};
		18EBC92A2D0CC84800AED37C /* Sources */ = {
			isa = PBXSourcesBuildPhase;
			buildActionMask = 2147483647;
			files = (
				18EBC9332D0CC84800AED37C /* LiveViewDemoTests.swift in Sources */,
			);
			runOnlyForDeploymentPostprocessing = 0;
		};
		18EBC9342D0CC84900AED37C /* Sources */ = {
			isa = PBXSourcesBuildPhase;
			buildActionMask = 2147483647;
			files = (
				18EBC93F2D0CC84900AED37C /* LiveViewDemoUITestsLaunchTests.swift in Sources */,
				18EBC93D2D0CC84900AED37C /* LiveViewDemoUITests.swift in Sources */,
			);
			runOnlyForDeploymentPostprocessing = 0;
		};
/* End PBXSourcesBuildPhase section */

/* Begin PBXTargetDependency section */
		18EBC9302D0CC84800AED37C /* PBXTargetDependency */ = {
			isa = PBXTargetDependency;
			target = 18EBC9182D0CC84600AED37C /* LiveViewDemo */;
			targetProxy = 18EBC92F2D0CC84800AED37C /* PBXContainerItemProxy */;
		};
		18EBC93A2D0CC84900AED37C /* PBXTargetDependency */ = {
			isa = PBXTargetDependency;
			target = 18EBC9182D0CC84600AED37C /* LiveViewDemo */;
			targetProxy = 18EBC9392D0CC84900AED37C /* PBXContainerItemProxy */;
		};
/* End PBXTargetDependency section */

/* Begin XCBuildConfiguration section */
		18EBC9402D0CC84900AED37C /* Debug */ = {
			isa = XCBuildConfiguration;
			buildSettings = {
				ALWAYS_SEARCH_USER_PATHS = NO;
				ASSETCATALOG_COMPILER_GENERATE_SWIFT_ASSET_SYMBOL_EXTENSIONS = YES;
				CLANG_ANALYZER_NONNULL = YES;
				CLANG_ANALYZER_NUMBER_OBJECT_CONVERSION = YES_AGGRESSIVE;
				CLANG_CXX_LANGUAGE_STANDARD = "gnu++20";
				CLANG_ENABLE_MODULES = YES;
				CLANG_ENABLE_OBJC_ARC = YES;
				CLANG_ENABLE_OBJC_WEAK = YES;
				CLANG_WARN_BLOCK_CAPTURE_AUTORELEASING = YES;
				CLANG_WARN_BOOL_CONVERSION = YES;
				CLANG_WARN_COMMA = YES;
				CLANG_WARN_CONSTANT_CONVERSION = YES;
				CLANG_WARN_DEPRECATED_OBJC_IMPLEMENTATIONS = YES;
				CLANG_WARN_DIRECT_OBJC_ISA_USAGE = YES_ERROR;
				CLANG_WARN_DOCUMENTATION_COMMENTS = YES;
				CLANG_WARN_EMPTY_BODY = YES;
				CLANG_WARN_ENUM_CONVERSION = YES;
				CLANG_WARN_INFINITE_RECURSION = YES;
				CLANG_WARN_INT_CONVERSION = YES;
				CLANG_WARN_NON_LITERAL_NULL_CONVERSION = YES;
				CLANG_WARN_OBJC_IMPLICIT_RETAIN_SELF = YES;
				CLANG_WARN_OBJC_LITERAL_CONVERSION = YES;
				CLANG_WARN_OBJC_ROOT_CLASS = YES_ERROR;
				CLANG_WARN_QUOTED_INCLUDE_IN_FRAMEWORK_HEADER = YES;
				CLANG_WARN_RANGE_LOOP_ANALYSIS = YES;
				CLANG_WARN_STRICT_PROTOTYPES = YES;
				CLANG_WARN_SUSPICIOUS_MOVE = YES;
				CLANG_WARN_UNGUARDED_AVAILABILITY = YES_AGGRESSIVE;
				CLANG_WARN_UNREACHABLE_CODE = YES;
				CLANG_WARN__DUPLICATE_METHOD_MATCH = YES;
				COPY_PHASE_STRIP = NO;
				DEBUG_INFORMATION_FORMAT = dwarf;
				ENABLE_STRICT_OBJC_MSGSEND = YES;
				ENABLE_TESTABILITY = YES;
				ENABLE_USER_SCRIPT_SANDBOXING = YES;
				GCC_C_LANGUAGE_STANDARD = gnu17;
				GCC_DYNAMIC_NO_PIC = NO;
				GCC_NO_COMMON_BLOCKS = YES;
				GCC_OPTIMIZATION_LEVEL = 0;
				GCC_PREPROCESSOR_DEFINITIONS = (
					"DEBUG=1",
					"$(inherited)",
				);
				GCC_WARN_64_TO_32_BIT_CONVERSION = YES;
				GCC_WARN_ABOUT_RETURN_TYPE = YES_ERROR;
				GCC_WARN_UNDECLARED_SELECTOR = YES;
				GCC_WARN_UNINITIALIZED_AUTOS = YES_AGGRESSIVE;
				GCC_WARN_UNUSED_FUNCTION = YES;
				GCC_WARN_UNUSED_VARIABLE = YES;
				IPHONEOS_DEPLOYMENT_TARGET = 17.5;
				LOCALIZATION_PREFERS_STRING_CATALOGS = YES;
				MTL_ENABLE_DEBUG_INFO = INCLUDE_SOURCE;
				MTL_FAST_MATH = YES;
				ONLY_ACTIVE_ARCH = YES;
				SDKROOT = iphoneos;
				SWIFT_ACTIVE_COMPILATION_CONDITIONS = "DEBUG $(inherited)";
				SWIFT_OPTIMIZATION_LEVEL = "-Onone";
			};
			name = Debug;
		};
		18EBC9412D0CC84900AED37C /* Release */ = {
			isa = XCBuildConfiguration;
			buildSettings = {
				ALWAYS_SEARCH_USER_PATHS = NO;
				ASSETCATALOG_COMPILER_GENERATE_SWIFT_ASSET_SYMBOL_EXTENSIONS = YES;
				CLANG_ANALYZER_NONNULL = YES;
				CLANG_ANALYZER_NUMBER_OBJECT_CONVERSION = YES_AGGRESSIVE;
				CLANG_CXX_LANGUAGE_STANDARD = "gnu++20";
				CLANG_ENABLE_MODULES = YES;
				CLANG_ENABLE_OBJC_ARC = YES;
				CLANG_ENABLE_OBJC_WEAK = YES;
				CLANG_WARN_BLOCK_CAPTURE_AUTORELEASING = YES;
				CLANG_WARN_BOOL_CONVERSION = YES;
				CLANG_WARN_COMMA = YES;
				CLANG_WARN_CONSTANT_CONVERSION = YES;
				CLANG_WARN_DEPRECATED_OBJC_IMPLEMENTATIONS = YES;
				CLANG_WARN_DIRECT_OBJC_ISA_USAGE = YES_ERROR;
				CLANG_WARN_DOCUMENTATION_COMMENTS = YES;
				CLANG_WARN_EMPTY_BODY = YES;
				CLANG_WARN_ENUM_CONVERSION = YES;
				CLANG_WARN_INFINITE_RECURSION = YES;
				CLANG_WARN_INT_CONVERSION = YES;
				CLANG_WARN_NON_LITERAL_NULL_CONVERSION = YES;
				CLANG_WARN_OBJC_IMPLICIT_RETAIN_SELF = YES;
				CLANG_WARN_OBJC_LITERAL_CONVERSION = YES;
				CLANG_WARN_OBJC_ROOT_CLASS = YES_ERROR;
				CLANG_WARN_QUOTED_INCLUDE_IN_FRAMEWORK_HEADER = YES;
				CLANG_WARN_RANGE_LOOP_ANALYSIS = YES;
				CLANG_WARN_STRICT_PROTOTYPES = YES;
				CLANG_WARN_SUSPICIOUS_MOVE = YES;
				CLANG_WARN_UNGUARDED_AVAILABILITY = YES_AGGRESSIVE;
				CLANG_WARN_UNREACHABLE_CODE = YES;
				CLANG_WARN__DUPLICATE_METHOD_MATCH = YES;
				COPY_PHASE_STRIP = NO;
				DEBUG_INFORMATION_FORMAT = "dwarf-with-dsym";
				ENABLE_NS_ASSERTIONS = NO;
				ENABLE_STRICT_OBJC_MSGSEND = YES;
				ENABLE_USER_SCRIPT_SANDBOXING = YES;
				GCC_C_LANGUAGE_STANDARD = gnu17;
				GCC_NO_COMMON_BLOCKS = YES;
				GCC_WARN_64_TO_32_BIT_CONVERSION = YES;
				GCC_WARN_ABOUT_RETURN_TYPE = YES_ERROR;
				GCC_WARN_UNDECLARED_SELECTOR = YES;
				GCC_WARN_UNINITIALIZED_AUTOS = YES_AGGRESSIVE;
				GCC_WARN_UNUSED_FUNCTION = YES;
				GCC_WARN_UNUSED_VARIABLE = YES;
				IPHONEOS_DEPLOYMENT_TARGET = 17.5;
				LOCALIZATION_PREFERS_STRING_CATALOGS = YES;
				MTL_ENABLE_DEBUG_INFO = NO;
				MTL_FAST_MATH = YES;
				SDKROOT = iphoneos;
				SWIFT_COMPILATION_MODE = wholemodule;
				VALIDATE_PRODUCT = YES;
			};
			name = Release;
		};
		18EBC9432D0CC84900AED37C /* Debug */ = {
			isa = XCBuildConfiguration;
			buildSettings = {
				ASSETCATALOG_COMPILER_APPICON_NAME = AppIcon;
				ASSETCATALOG_COMPILER_GLOBAL_ACCENT_COLOR_NAME = AccentColor;
				CODE_SIGN_STYLE = Automatic;
				CURRENT_PROJECT_VERSION = 1;
				DEVELOPMENT_ASSET_PATHS = "\"LiveViewDemo/Preview Content\"";
				DEVELOPMENT_TEAM = SXM6LQ9SFF;
				ENABLE_PREVIEWS = YES;
				GENERATE_INFOPLIST_FILE = YES;
				INFOPLIST_KEY_NSPhotoLibraryUsageDescription = asdasd;
				INFOPLIST_KEY_UIApplicationSceneManifest_Generation = YES;
				INFOPLIST_KEY_UIApplicationSupportsIndirectInputEvents = YES;
				INFOPLIST_KEY_UILaunchScreen_Generation = YES;
				INFOPLIST_KEY_UISupportedInterfaceOrientations_iPad = "UIInterfaceOrientationPortrait UIInterfaceOrientationPortraitUpsideDown UIInterfaceOrientationLandscapeLeft UIInterfaceOrientationLandscapeRight";
				INFOPLIST_KEY_UISupportedInterfaceOrientations_iPhone = "UIInterfaceOrientationPortrait UIInterfaceOrientationLandscapeLeft UIInterfaceOrientationLandscapeRight";
				LD_RUNPATH_SEARCH_PATHS = (
					"$(inherited)",
					"@executable_path/Frameworks",
				);
				MARKETING_VERSION = 1.0;
				PRODUCT_BUNDLE_IDENTIFIER = com.demo.liveview.LiveViewDemo;
				PRODUCT_NAME = "$(TARGET_NAME)";
				SUPPORTED_PLATFORMS = "iphoneos iphonesimulator";
				SUPPORTS_MACCATALYST = NO;
				SUPPORTS_MAC_DESIGNED_FOR_IPHONE_IPAD = NO;
				SUPPORTS_XR_DESIGNED_FOR_IPHONE_IPAD = NO;
				SWIFT_EMIT_LOC_STRINGS = YES;
				SWIFT_VERSION = 5.0;
				TARGETED_DEVICE_FAMILY = 1;
			};
			name = Debug;
		};
		18EBC9442D0CC84900AED37C /* Release */ = {
			isa = XCBuildConfiguration;
			buildSettings = {
				ASSETCATALOG_COMPILER_APPICON_NAME = AppIcon;
				ASSETCATALOG_COMPILER_GLOBAL_ACCENT_COLOR_NAME = AccentColor;
				CODE_SIGN_STYLE = Automatic;
				CURRENT_PROJECT_VERSION = 1;
				DEVELOPMENT_ASSET_PATHS = "\"LiveViewDemo/Preview Content\"";
				DEVELOPMENT_TEAM = SXM6LQ9SFF;
				ENABLE_PREVIEWS = YES;
				GENERATE_INFOPLIST_FILE = YES;
				INFOPLIST_KEY_NSPhotoLibraryUsageDescription = asdasd;
				INFOPLIST_KEY_UIApplicationSceneManifest_Generation = YES;
				INFOPLIST_KEY_UIApplicationSupportsIndirectInputEvents = YES;
				INFOPLIST_KEY_UILaunchScreen_Generation = YES;
				INFOPLIST_KEY_UISupportedInterfaceOrientations_iPad = "UIInterfaceOrientationPortrait UIInterfaceOrientationPortraitUpsideDown UIInterfaceOrientationLandscapeLeft UIInterfaceOrientationLandscapeRight";
				INFOPLIST_KEY_UISupportedInterfaceOrientations_iPhone = "UIInterfaceOrientationPortrait UIInterfaceOrientationLandscapeLeft UIInterfaceOrientationLandscapeRight";
				LD_RUNPATH_SEARCH_PATHS = (
					"$(inherited)",
					"@executable_path/Frameworks",
				);
				MARKETING_VERSION = 1.0;
				PRODUCT_BUNDLE_IDENTIFIER = com.demo.liveview.LiveViewDemo;
				PRODUCT_NAME = "$(TARGET_NAME)";
				SUPPORTED_PLATFORMS = "iphoneos iphonesimulator";
				SUPPORTS_MACCATALYST = NO;
				SUPPORTS_MAC_DESIGNED_FOR_IPHONE_IPAD = NO;
				SUPPORTS_XR_DESIGNED_FOR_IPHONE_IPAD = NO;
				SWIFT_EMIT_LOC_STRINGS = YES;
				SWIFT_VERSION = 5.0;
				TARGETED_DEVICE_FAMILY = 1;
			};
			name = Release;
		};
		18EBC9462D0CC84900AED37C /* Debug */ = {
			isa = XCBuildConfiguration;
			buildSettings = {
				ALWAYS_EMBED_SWIFT_STANDARD_LIBRARIES = YES;
				BUNDLE_LOADER = "$(TEST_HOST)";
				CODE_SIGN_STYLE = Automatic;
				CURRENT_PROJECT_VERSION = 1;
				DEVELOPMENT_TEAM = SXM6LQ9SFF;
				GENERATE_INFOPLIST_FILE = YES;
				IPHONEOS_DEPLOYMENT_TARGET = 17.5;
				MARKETING_VERSION = 1.0;
				PRODUCT_BUNDLE_IDENTIFIER = com.demo.liveview.LiveViewDemoTests;
				PRODUCT_NAME = "$(TARGET_NAME)";
				SWIFT_EMIT_LOC_STRINGS = NO;
				SWIFT_VERSION = 5.0;
				TARGETED_DEVICE_FAMILY = "1,2";
				TEST_HOST = "$(BUILT_PRODUCTS_DIR)/LiveViewDemo.app/$(BUNDLE_EXECUTABLE_FOLDER_PATH)/LiveViewDemo";
			};
			name = Debug;
		};
		18EBC9472D0CC84900AED37C /* Release */ = {
			isa = XCBuildConfiguration;
			buildSettings = {
				ALWAYS_EMBED_SWIFT_STANDARD_LIBRARIES = YES;
				BUNDLE_LOADER = "$(TEST_HOST)";
				CODE_SIGN_STYLE = Automatic;
				CURRENT_PROJECT_VERSION = 1;
				DEVELOPMENT_TEAM = SXM6LQ9SFF;
				GENERATE_INFOPLIST_FILE = YES;
				IPHONEOS_DEPLOYMENT_TARGET = 17.5;
				MARKETING_VERSION = 1.0;
				PRODUCT_BUNDLE_IDENTIFIER = com.demo.liveview.LiveViewDemoTests;
				PRODUCT_NAME = "$(TARGET_NAME)";
				SWIFT_EMIT_LOC_STRINGS = NO;
				SWIFT_VERSION = 5.0;
				TARGETED_DEVICE_FAMILY = "1,2";
				TEST_HOST = "$(BUILT_PRODUCTS_DIR)/LiveViewDemo.app/$(BUNDLE_EXECUTABLE_FOLDER_PATH)/LiveViewDemo";
			};
			name = Release;
		};
		18EBC9492D0CC84900AED37C /* Debug */ = {
			isa = XCBuildConfiguration;
			buildSettings = {
				ALWAYS_EMBED_SWIFT_STANDARD_LIBRARIES = YES;
				CODE_SIGN_STYLE = Automatic;
				CURRENT_PROJECT_VERSION = 1;
				DEVELOPMENT_TEAM = SXM6LQ9SFF;
				GENERATE_INFOPLIST_FILE = YES;
				MARKETING_VERSION = 1.0;
				PRODUCT_BUNDLE_IDENTIFIER = com.demo.liveview.LiveViewDemoUITests;
				PRODUCT_NAME = "$(TARGET_NAME)";
				SWIFT_EMIT_LOC_STRINGS = NO;
				SWIFT_VERSION = 5.0;
				TARGETED_DEVICE_FAMILY = "1,2";
				TEST_TARGET_NAME = LiveViewDemo;
			};
			name = Debug;
		};
		18EBC94A2D0CC84900AED37C /* Release */ = {
			isa = XCBuildConfiguration;
			buildSettings = {
				ALWAYS_EMBED_SWIFT_STANDARD_LIBRARIES = YES;
				CODE_SIGN_STYLE = Automatic;
				CURRENT_PROJECT_VERSION = 1;
				DEVELOPMENT_TEAM = SXM6LQ9SFF;
				GENERATE_INFOPLIST_FILE = YES;
				MARKETING_VERSION = 1.0;
				PRODUCT_BUNDLE_IDENTIFIER = com.demo.liveview.LiveViewDemoUITests;
				PRODUCT_NAME = "$(TARGET_NAME)";
				SWIFT_EMIT_LOC_STRINGS = NO;
				SWIFT_VERSION = 5.0;
				TARGETED_DEVICE_FAMILY = "1,2";
				TEST_TARGET_NAME = LiveViewDemo;
			};
			name = Release;
		};
/* End XCBuildConfiguration section */

/* Begin XCConfigurationList section */
		18EBC9142D0CC84600AED37C /* Build configuration list for PBXProject "LiveViewDemo" */ = {
			isa = XCConfigurationList;
			buildConfigurations = (
				18EBC9402D0CC84900AED37C /* Debug */,
				18EBC9412D0CC84900AED37C /* Release */,
			);
			defaultConfigurationIsVisible = 0;
			defaultConfigurationName = Release;
		};
		18EBC9422D0CC84900AED37C /* Build configuration list for PBXNativeTarget "LiveViewDemo" */ = {
			isa = XCConfigurationList;
			buildConfigurations = (
				18EBC9432D0CC84900AED37C /* Debug */,
				18EBC9442D0CC84900AED37C /* Release */,
			);
			defaultConfigurationIsVisible = 0;
			defaultConfigurationName = Release;
		};
		18EBC9452D0CC84900AED37C /* Build configuration list for PBXNativeTarget "LiveViewDemoTests" */ = {
			isa = XCConfigurationList;
			buildConfigurations = (
				18EBC9462D0CC84900AED37C /* Debug */,
				18EBC9472D0CC84900AED37C /* Release */,
			);
			defaultConfigurationIsVisible = 0;
			defaultConfigurationName = Release;
		};
		18EBC9482D0CC84900AED37C /* Build configuration list for PBXNativeTarget "LiveViewDemoUITests" */ = {
			isa = XCConfigurationList;
			buildConfigurations = (
				18EBC9492D0CC84900AED37C /* Debug */,
				18EBC94A2D0CC84900AED37C /* Release */,
			);
			defaultConfigurationIsVisible = 0;
			defaultConfigurationName = Release;
		};
/* End XCConfigurationList section */

/* Begin XCLocalSwiftPackageReference section */
		1854B2702D1DFA4300A88D83 /* XCLocalSwiftPackageReference "../../live_view" */ = {
			isa = XCLocalSwiftPackageReference;
			relativePath = ../../live_view;
		};
/* End XCLocalSwiftPackageReference section */

/* Begin XCRemoteSwiftPackageReference section */
		184F6DFE2D1352B900789DD9 /* XCRemoteSwiftPackageReference "firebase-ios-sdk" */ = {
			isa = XCRemoteSwiftPackageReference;
			repositoryURL = "https://github.com/firebase/firebase-ios-sdk.git";
			requirement = {
				kind = upToNextMajorVersion;
				minimumVersion = 11.6.0;
			};
		};
/* End XCRemoteSwiftPackageReference section */

/* Begin XCSwiftPackageProductDependency section */
		184F6DFF2D1352B900789DD9 /* FirebaseCore */ = {
			isa = XCSwiftPackageProductDependency;
			package = 184F6DFE2D1352B900789DD9 /* XCRemoteSwiftPackageReference "firebase-ios-sdk" */;
			productName = FirebaseCore;
		};
		184F6E012D1352B900789DD9 /* FirebaseStorage */ = {
			isa = XCSwiftPackageProductDependency;
			package = 184F6DFE2D1352B900789DD9 /* XCRemoteSwiftPackageReference "firebase-ios-sdk" */;
			productName = FirebaseStorage;
		};
		184F6E032D1352B900789DD9 /* FirebaseStorageCombine-Community */ = {
			isa = XCSwiftPackageProductDependency;
			package = 184F6DFE2D1352B900789DD9 /* XCRemoteSwiftPackageReference "firebase-ios-sdk" */;
			productName = "FirebaseStorageCombine-Community";
		};
		1854B2712D1DFA4300A88D83 /* live_view */ = {
			isa = XCSwiftPackageProductDependency;
			productName = live_view;
		};
/* End XCSwiftPackageProductDependency section */

/* Begin XCVersionGroup section */
		18EBC9272D0CC84800AED37C /* LiveViewDemo.xcdatamodeld */ = {
			isa = XCVersionGroup;
			children = (
				18EBC9282D0CC84800AED37C /* LiveViewDemo.xcdatamodel */,
			);
			currentVersion = 18EBC9282D0CC84800AED37C /* LiveViewDemo.xcdatamodel */;
			path = LiveViewDemo.xcdatamodeld;
			sourceTree = "<group>";
			versionGroupType = wrapper.xcdatamodel;
		};
/* End XCVersionGroup section */
	};
	rootObject = 18EBC9112D0CC84600AED37C /* Project object */;
}
